# This file is automatically @generated by Cargo.
# It is not intended for manual editing.
version = 4

[[package]]
name = "fathom-artifact"
version = "0.1.0"

[[package]]
name = "fathom-canon"
version = "0.1.0"

[[package]]
name = "fathom-corpus"
version = "0.1.0"
dependencies = [
 "fathom-id",
 "fathom-schema",
]

[[package]]
name = "fathom-emit"
version = "0.1.0"
dependencies = [
 "fathom-graph",
 "fathom-id",
 "fathom-ir",
 "fathom-schema",
]

[[package]]
name = "fathom-find"
version = "0.1.0"
dependencies = [
 "fathom-corpus",
 "fathom-id",
]

[[package]]
name = "fathom-graph"
version = "0.1.0"
dependencies = [
 "fathom-canon",
 "fathom-id",
 "fathom-ir",
]

[[package]]
name = "fathom-id"
version = "0.1.0"

[[package]]
name = "fathom-ingest"
version = "0.1.0"
dependencies = [
 "fathom-ir",
 "fathom-schema",
]

[[package]]
name = "fathom-inventory"
version = "0.1.0"
dependencies = [
 "fathom-graph",
 "fathom-id",
 "fathom-ir",
]

[[package]]
name = "fathom-ir"
version = "0.1.0"
dependencies = [
 "fathom-canon",
 "fathom-id",
 "fathom-schema",
]

[[package]]
name = "fathom-schema"
version = "0.1.0"

[[package]]
name = "fathom-schemagen"
version = "0.1.0"
dependencies = [
 "fathom-canon",
 "fathom-ir",
 "fathom-schema",
]

[[package]]
name = "fathom-wasm"
version = "0.1.0"
dependencies = [
 "fathom-corpus",
 "fathom-find",
 "fathom-graph",
 "fathom-inventory",
]

[[package]]
name = "fathom-workspace"
version = "0.1.0"
dependencies = [
 "fathom-canon",
 "fathom-graph",
 "fathom-id",
 "fathom-ir",
]
